
Microsoft Visual Studio Solution File, Format Version 12.00
# Visual Studio 15
VisualStudioVersion = 15.0.27703.2026
MinimumVisualStudioVersion = 10.0.40219.1
Project("{FAE04EC0-301F-11D3-BF4B-00C04F79EFBC}") = "ON4X.Android", "ON4X\ON4X.Android\ON4X.Android.csproj", "{8213A591-23A7-48C8-BCD7-E5AC2DAE2E9A}"
EndProject
Project("{FAE04EC0-301F-11D3-BF4B-00C04F79EFBC}") = "ON4X.iOS", "ON4X\ON4X.iOS\ON4X.iOS.csproj", "{0641F0F6-E69B-462B-90F4-ACC304B26F9D}"
EndProject
Project("{FAE04EC0-301F-11D3-BF4B-00C04F79EFBC}") = "ON4X.UWP", "ON4X\ON4X.UWP\ON4X.UWP.csproj", "{BDAC6A78-FE32-444C-8498-63D906A10FAD}"
EndProject
Project("{FAE04EC0-301F-11D3-BF4B-00C04F79EFBC}") = "ON4X", "ON4X\ON4X\ON4X.csproj", "{F36AFEC2-074E-4599-B5E0-01F5ED893A35}"
EndProject
Project("{FAE04EC0-301F-11D3-BF4B-00C04F79EFBC}") = "ON4X.Backend", "ON4X.Backend\ON4X.Backend.csproj", "{399FCBE7-1E64-411D-BF3C-71C6B5F949A5}"
EndProject
Project("{FAE04EC0-301F-11D3-BF4B-00C04F79EFBC}") = "ON4X.API", "ON4X.API\ON4X.API.csproj", "{DAFFB014-56D1-4DD6-B4C5-B46CB52D188A}"
EndProject
Project("{FAE04EC0-301F-11D3-BF4B-00C04F79EFBC}") = "ON4X.Domain", "ON4X.Domain\ON4X.Domain.csproj", "{2D69B217-E4A5-4BE1-B213-4F55285CB1C5}"
EndProject
Project("{FAE04EC0-301F-11D3-BF4B-00C04F79EFBC}") = "ON4X.Common", "ON4X.Common\ON4X.Common.csproj", "{1D56EE91-A2C6-4783-940D-512213FDAE8A}"
EndProject
Global
	GlobalSection(SolutionConfigurationPlatforms) = preSolution
		Ad-Hoc|Any CPU = Ad-Hoc|Any CPU
		Ad-Hoc|ARM = Ad-Hoc|ARM
		Ad-Hoc|iPhone = Ad-Hoc|iPhone
		Ad-Hoc|iPhoneSimulator = Ad-Hoc|iPhoneSimulator
		Ad-Hoc|x64 = Ad-Hoc|x64
		Ad-Hoc|x86 = Ad-Hoc|x86
		AppStore|Any CPU = AppStore|Any CPU
		AppStore|ARM = AppStore|ARM
		AppStore|iPhone = AppStore|iPhone
		AppStore|iPhoneSimulator = AppStore|iPhoneSimulator
		AppStore|x64 = AppStore|x64
		AppStore|x86 = AppStore|x86
		Debug|Any CPU = Debug|Any CPU
		Debug|ARM = Debug|ARM
		Debug|iPhone = Debug|iPhone
		Debug|iPhoneSimulator = Debug|iPhoneSimulator
		Debug|x64 = Debug|x64
		Debug|x86 = Debug|x86
		Release|Any CPU = Release|Any CPU
		Release|ARM = Release|ARM
		Release|iPhone = Release|iPhone
		Release|iPhoneSimulator = Release|iPhoneSimulator
		Release|x64 = Release|x64
		Release|x86 = Release|x86
	EndGlobalSection
	GlobalSection(ProjectConfigurationPlatforms) = postSolution
		{8213A591-23A7-48C8-BCD7-E5AC2DAE2E9A}.Ad-Hoc|Any CPU.ActiveCfg = Release|Any CPU
		{8213A591-23A7-48C8-BCD7-E5AC2DAE2E9A}.Ad-Hoc|Any CPU.Build.0 = Release|Any CPU
		{8213A591-23A7-48C8-BCD7-E5AC2DAE2E9A}.Ad-Hoc|Any CPU.Deploy.0 = Release|Any CPU
		{8213A591-23A7-48C8-BCD7-E5AC2DAE2E9A}.Ad-Hoc|ARM.ActiveCfg = Release|Any CPU
		{8213A591-23A7-48C8-BCD7-E5AC2DAE2E9A}.Ad-Hoc|ARM.Build.0 = Release|Any CPU
		{8213A591-23A7-48C8-BCD7-E5AC2DAE2E9A}.Ad-Hoc|ARM.Deploy.0 = Release|Any CPU
		{8213A591-23A7-48C8-BCD7-E5AC2DAE2E9A}.Ad-Hoc|iPhone.ActiveCfg = Release|Any CPU
		{8213A591-23A7-48C8-BCD7-E5AC2DAE2E9A}.Ad-Hoc|iPhone.Build.0 = Release|Any CPU
		{8213A591-23A7-48C8-BCD7-E5AC2DAE2E9A}.Ad-Hoc|iPhone.Deploy.0 = Release|Any CPU
		{8213A591-23A7-48C8-BCD7-E5AC2DAE2E9A}.Ad-Hoc|iPhoneSimulator.ActiveCfg = Release|Any CPU
		{8213A591-23A7-48C8-BCD7-E5AC2DAE2E9A}.Ad-Hoc|iPhoneSimulator.Build.0 = Release|Any CPU
		{8213A591-23A7-48C8-BCD7-E5AC2DAE2E9A}.Ad-Hoc|iPhoneSimulator.Deploy.0 = Release|Any CPU
		{8213A591-23A7-48C8-BCD7-E5AC2DAE2E9A}.Ad-Hoc|x64.ActiveCfg = Release|Any CPU
		{8213A591-23A7-48C8-BCD7-E5AC2DAE2E9A}.Ad-Hoc|x64.Build.0 = Release|Any CPU
		{8213A591-23A7-48C8-BCD7-E5AC2DAE2E9A}.Ad-Hoc|x64.Deploy.0 = Release|Any CPU
		{8213A591-23A7-48C8-BCD7-E5AC2DAE2E9A}.Ad-Hoc|x86.ActiveCfg = Release|Any CPU
		{8213A591-23A7-48C8-BCD7-E5AC2DAE2E9A}.Ad-Hoc|x86.Build.0 = Release|Any CPU
		{8213A591-23A7-48C8-BCD7-E5AC2DAE2E9A}.Ad-Hoc|x86.Deploy.0 = Release|Any CPU
		{8213A591-23A7-48C8-BCD7-E5AC2DAE2E9A}.AppStore|Any CPU.ActiveCfg = Release|Any CPU
		{8213A591-23A7-48C8-BCD7-E5AC2DAE2E9A}.AppStore|Any CPU.Build.0 = Release|Any CPU
		{8213A591-23A7-48C8-BCD7-E5AC2DAE2E9A}.AppStore|Any CPU.Deploy.0 = Release|Any CPU
		{8213A591-23A7-48C8-BCD7-E5AC2DAE2E9A}.AppStore|ARM.ActiveCfg = Release|Any CPU
		{8213A591-23A7-48C8-BCD7-E5AC2DAE2E9A}.AppStore|ARM.Build.0 = Release|Any CPU
		{8213A591-23A7-48C8-BCD7-E5AC2DAE2E9A}.AppStore|ARM.Deploy.0 = Release|Any CPU
		{8213A591-23A7-48C8-BCD7-E5AC2DAE2E9A}.AppStore|iPhone.ActiveCfg = Release|Any CPU
		{8213A591-23A7-48C8-BCD7-E5AC2DAE2E9A}.AppStore|iPhone.Build.0 = Release|Any CPU
		{8213A591-23A7-48C8-BCD7-E5AC2DAE2E9A}.AppStore|iPhone.Deploy.0 = Release|Any CPU
		{8213A591-23A7-48C8-BCD7-E5AC2DAE2E9A}.AppStore|iPhoneSimulator.ActiveCfg = Release|Any CPU
		{8213A591-23A7-48C8-BCD7-E5AC2DAE2E9A}.AppStore|iPhoneSimulator.Build.0 = Release|Any CPU
		{8213A591-23A7-48C8-BCD7-E5AC2DAE2E9A}.AppStore|iPhoneSimulator.Deploy.0 = Release|Any CPU
		{8213A591-23A7-48C8-BCD7-E5AC2DAE2E9A}.AppStore|x64.ActiveCfg = Release|Any CPU
		{8213A591-23A7-48C8-BCD7-E5AC2DAE2E9A}.AppStore|x64.Build.0 = Release|Any CPU
		{8213A591-23A7-48C8-BCD7-E5AC2DAE2E9A}.AppStore|x64.Deploy.0 = Release|Any CPU
		{8213A591-23A7-48C8-BCD7-E5AC2DAE2E9A}.AppStore|x86.ActiveCfg = Release|Any CPU
		{8213A591-23A7-48C8-BCD7-E5AC2DAE2E9A}.AppStore|x86.Build.0 = Release|Any CPU
		{8213A591-23A7-48C8-BCD7-E5AC2DAE2E9A}.AppStore|x86.Deploy.0 = Release|Any CPU
		{8213A591-23A7-48C8-BCD7-E5AC2DAE2E9A}.Debug|Any CPU.ActiveCfg = Debug|Any CPU
		{8213A591-23A7-48C8-BCD7-E5AC2DAE2E9A}.Debug|Any CPU.Build.0 = Debug|Any CPU
		{8213A591-23A7-48C8-BCD7-E5AC2DAE2E9A}.Debug|Any CPU.Deploy.0 = Debug|Any CPU
		{8213A591-23A7-48C8-BCD7-E5AC2DAE2E9A}.Debug|ARM.ActiveCfg = Debug|Any CPU
		{8213A591-23A7-48C8-BCD7-E5AC2DAE2E9A}.Debug|ARM.Build.0 = Debug|Any CPU
		{8213A591-23A7-48C8-BCD7-E5AC2DAE2E9A}.Debug|ARM.Deploy.0 = Debug|Any CPU
		{8213A591-23A7-48C8-BCD7-E5AC2DAE2E9A}.Debug|iPhone.ActiveCfg = Debug|Any CPU
		{8213A591-23A7-48C8-BCD7-E5AC2DAE2E9A}.Debug|iPhone.Build.0 = Debug|Any CPU
		{8213A591-23A7-48C8-BCD7-E5AC2DAE2E9A}.Debug|iPhone.Deploy.0 = Debug|Any CPU
		{8213A591-23A7-48C8-BCD7-E5AC2DAE2E9A}.Debug|iPhoneSimulator.ActiveCfg = Debug|Any CPU
		{8213A591-23A7-48C8-BCD7-E5AC2DAE2E9A}.Debug|iPhoneSimulator.Build.0 = Debug|Any CPU
		{8213A591-23A7-48C8-BCD7-E5AC2DAE2E9A}.Debug|iPhoneSimulator.Deploy.0 = Debug|Any CPU
		{8213A591-23A7-48C8-BCD7-E5AC2DAE2E9A}.Debug|x64.ActiveCfg = Debug|Any CPU
		{8213A591-23A7-48C8-BCD7-E5AC2DAE2E9A}.Debug|x64.Build.0 = Debug|Any CPU
		{8213A591-23A7-48C8-BCD7-E5AC2DAE2E9A}.Debug|x64.Deploy.0 = Debug|Any CPU
		{8213A591-23A7-48C8-BCD7-E5AC2DAE2E9A}.Debug|x86.ActiveCfg = Debug|Any CPU
		{8213A591-23A7-48C8-BCD7-E5AC2DAE2E9A}.Debug|x86.Build.0 = Debug|Any CPU
		{8213A591-23A7-48C8-BCD7-E5AC2DAE2E9A}.Debug|x86.Deploy.0 = Debug|Any CPU
		{8213A591-23A7-48C8-BCD7-E5AC2DAE2E9A}.Release|Any CPU.ActiveCfg = Release|Any CPU
		{8213A591-23A7-48C8-BCD7-E5AC2DAE2E9A}.Release|Any CPU.Build.0 = Release|Any CPU
		{8213A591-23A7-48C8-BCD7-E5AC2DAE2E9A}.Release|Any CPU.Deploy.0 = Release|Any CPU
		{8213A591-23A7-48C8-BCD7-E5AC2DAE2E9A}.Release|ARM.ActiveCfg = Release|Any CPU
		{8213A591-23A7-48C8-BCD7-E5AC2DAE2E9A}.Release|ARM.Build.0 = Release|Any CPU
		{8213A591-23A7-48C8-BCD7-E5AC2DAE2E9A}.Release|ARM.Deploy.0 = Release|Any CPU
		{8213A591-23A7-48C8-BCD7-E5AC2DAE2E9A}.Release|iPhone.ActiveCfg = Release|Any CPU
		{8213A591-23A7-48C8-BCD7-E5AC2DAE2E9A}.Release|iPhone.Build.0 = Release|Any CPU
		{8213A591-23A7-48C8-BCD7-E5AC2DAE2E9A}.Release|iPhone.Deploy.0 = Release|Any CPU
		{8213A591-23A7-48C8-BCD7-E5AC2DAE2E9A}.Release|iPhoneSimulator.ActiveCfg = Release|Any CPU
		{8213A591-23A7-48C8-BCD7-E5AC2DAE2E9A}.Release|iPhoneSimulator.Build.0 = Release|Any CPU
		{8213A591-23A7-48C8-BCD7-E5AC2DAE2E9A}.Release|iPhoneSimulator.Deploy.0 = Release|Any CPU
		{8213A591-23A7-48C8-BCD7-E5AC2DAE2E9A}.Release|x64.ActiveCfg = Release|Any CPU
		{8213A591-23A7-48C8-BCD7-E5AC2DAE2E9A}.Release|x64.Build.0 = Release|Any CPU
		{8213A591-23A7-48C8-BCD7-E5AC2DAE2E9A}.Release|x64.Deploy.0 = Release|Any CPU
		{8213A591-23A7-48C8-BCD7-E5AC2DAE2E9A}.Release|x86.ActiveCfg = Release|Any CPU
		{8213A591-23A7-48C8-BCD7-E5AC2DAE2E9A}.Release|x86.Build.0 = Release|Any CPU
		{8213A591-23A7-48C8-BCD7-E5AC2DAE2E9A}.Release|x86.Deploy.0 = Release|Any CPU
		{0641F0F6-E69B-462B-90F4-ACC304B26F9D}.Ad-Hoc|Any CPU.ActiveCfg = Ad-Hoc|iPhone
		{0641F0F6-E69B-462B-90F4-ACC304B26F9D}.Ad-Hoc|Any CPU.Build.0 = Ad-Hoc|iPhone
		{0641F0F6-E69B-462B-90F4-ACC304B26F9D}.Ad-Hoc|Any CPU.Deploy.0 = Ad-Hoc|iPhone
		{0641F0F6-E69B-462B-90F4-ACC304B26F9D}.Ad-Hoc|ARM.ActiveCfg = Ad-Hoc|iPhone
		{0641F0F6-E69B-462B-90F4-ACC304B26F9D}.Ad-Hoc|ARM.Build.0 = Ad-Hoc|iPhone
		{0641F0F6-E69B-462B-90F4-ACC304B26F9D}.Ad-Hoc|ARM.Deploy.0 = Ad-Hoc|iPhone
		{0641F0F6-E69B-462B-90F4-ACC304B26F9D}.Ad-Hoc|iPhone.ActiveCfg = Ad-Hoc|iPhone
		{0641F0F6-E69B-462B-90F4-ACC304B26F9D}.Ad-Hoc|iPhone.Build.0 = Ad-Hoc|iPhone
		{0641F0F6-E69B-462B-90F4-ACC304B26F9D}.Ad-Hoc|iPhone.Deploy.0 = Ad-Hoc|iPhone
		{0641F0F6-E69B-462B-90F4-ACC304B26F9D}.Ad-Hoc|iPhoneSimulator.ActiveCfg = Ad-Hoc|iPhoneSimulator
		{0641F0F6-E69B-462B-90F4-ACC304B26F9D}.Ad-Hoc|iPhoneSimulator.Build.0 = Ad-Hoc|iPhoneSimulator
		{0641F0F6-E69B-462B-90F4-ACC304B26F9D}.Ad-Hoc|iPhoneSimulator.Deploy.0 = Ad-Hoc|iPhoneSimulator
		{0641F0F6-E69B-462B-90F4-ACC304B26F9D}.Ad-Hoc|x64.ActiveCfg = Ad-Hoc|iPhone
		{0641F0F6-E69B-462B-90F4-ACC304B26F9D}.Ad-Hoc|x64.Build.0 = Ad-Hoc|iPhone
		{0641F0F6-E69B-462B-90F4-ACC304B26F9D}.Ad-Hoc|x64.Deploy.0 = Ad-Hoc|iPhone
		{0641F0F6-E69B-462B-90F4-ACC304B26F9D}.Ad-Hoc|x86.ActiveCfg = Ad-Hoc|iPhone
		{0641F0F6-E69B-462B-90F4-ACC304B26F9D}.Ad-Hoc|x86.Build.0 = Ad-Hoc|iPhone
		{0641F0F6-E69B-462B-90F4-ACC304B26F9D}.Ad-Hoc|x86.Deploy.0 = Ad-Hoc|iPhone
		{0641F0F6-E69B-462B-90F4-ACC304B26F9D}.AppStore|Any CPU.ActiveCfg = AppStore|iPhone
		{0641F0F6-E69B-462B-90F4-ACC304B26F9D}.AppStore|Any CPU.Build.0 = AppStore|iPhone
		{0641F0F6-E69B-462B-90F4-ACC304B26F9D}.AppStore|Any CPU.Deploy.0 = AppStore|iPhone
		{0641F0F6-E69B-462B-90F4-ACC304B26F9D}.AppStore|ARM.ActiveCfg = AppStore|iPhone
		{0641F0F6-E69B-462B-90F4-ACC304B26F9D}.AppStore|ARM.Build.0 = AppStore|iPhone
		{0641F0F6-E69B-462B-90F4-ACC304B26F9D}.AppStore|ARM.Deploy.0 = AppStore|iPhone
		{0641F0F6-E69B-462B-90F4-ACC304B26F9D}.AppStore|iPhone.ActiveCfg = AppStore|iPhone
		{0641F0F6-E69B-462B-90F4-ACC304B26F9D}.AppStore|iPhone.Build.0 = AppStore|iPhone
		{0641F0F6-E69B-462B-90F4-ACC304B26F9D}.AppStore|iPhone.Deploy.0 = AppStore|iPhone
		{0641F0F6-E69B-462B-90F4-ACC304B26F9D}.AppStore|iPhoneSimulator.ActiveCfg = AppStore|iPhoneSimulator
		{0641F0F6-E69B-462B-90F4-ACC304B26F9D}.AppStore|iPhoneSimulator.Build.0 = AppStore|iPhoneSimulator
		{0641F0F6-E69B-462B-90F4-ACC304B26F9D}.AppStore|iPhoneSimulator.Deploy.0 = AppStore|iPhoneSimulator
		{0641F0F6-E69B-462B-90F4-ACC304B26F9D}.AppStore|x64.ActiveCfg = AppStore|iPhone
		{0641F0F6-E69B-462B-90F4-ACC304B26F9D}.AppStore|x64.Build.0 = AppStore|iPhone
		{0641F0F6-E69B-462B-90F4-ACC304B26F9D}.AppStore|x64.Deploy.0 = AppStore|iPhone
		{0641F0F6-E69B-462B-90F4-ACC304B26F9D}.AppStore|x86.ActiveCfg = AppStore|iPhone
		{0641F0F6-E69B-462B-90F4-ACC304B26F9D}.AppStore|x86.Build.0 = AppStore|iPhone
		{0641F0F6-E69B-462B-90F4-ACC304B26F9D}.AppStore|x86.Deploy.0 = AppStore|iPhone
		{0641F0F6-E69B-462B-90F4-ACC304B26F9D}.Debug|Any CPU.ActiveCfg = Debug|iPhoneSimulator
		{0641F0F6-E69B-462B-90F4-ACC304B26F9D}.Debug|Any CPU.Build.0 = Debug|iPhoneSimulator
		{0641F0F6-E69B-462B-90F4-ACC304B26F9D}.Debug|Any CPU.Deploy.0 = Debug|iPhoneSimulator
		{0641F0F6-E69B-462B-90F4-ACC304B26F9D}.Debug|ARM.ActiveCfg = Debug|iPhone
		{0641F0F6-E69B-462B-90F4-ACC304B26F9D}.Debug|ARM.Build.0 = Debug|iPhone
		{0641F0F6-E69B-462B-90F4-ACC304B26F9D}.Debug|ARM.Deploy.0 = Debug|iPhone
		{0641F0F6-E69B-462B-90F4-ACC304B26F9D}.Debug|iPhone.ActiveCfg = Debug|iPhone
		{0641F0F6-E69B-462B-90F4-ACC304B26F9D}.Debug|iPhone.Build.0 = Debug|iPhone
		{0641F0F6-E69B-462B-90F4-ACC304B26F9D}.Debug|iPhone.Deploy.0 = Debug|iPhone
		{0641F0F6-E69B-462B-90F4-ACC304B26F9D}.Debug|iPhoneSimulator.ActiveCfg = Debug|iPhoneSimulator
		{0641F0F6-E69B-462B-90F4-ACC304B26F9D}.Debug|iPhoneSimulator.Build.0 = Debug|iPhoneSimulator
		{0641F0F6-E69B-462B-90F4-ACC304B26F9D}.Debug|iPhoneSimulator.Deploy.0 = Debug|iPhoneSimulator
		{0641F0F6-E69B-462B-90F4-ACC304B26F9D}.Debug|x64.ActiveCfg = Debug|iPhone
		{0641F0F6-E69B-462B-90F4-ACC304B26F9D}.Debug|x64.Build.0 = Debug|iPhone
		{0641F0F6-E69B-462B-90F4-ACC304B26F9D}.Debug|x64.Deploy.0 = Debug|iPhone
		{0641F0F6-E69B-462B-90F4-ACC304B26F9D}.Debug|x86.ActiveCfg = Debug|iPhone
		{0641F0F6-E69B-462B-90F4-ACC304B26F9D}.Debug|x86.Build.0 = Debug|iPhone
		{0641F0F6-E69B-462B-90F4-ACC304B26F9D}.Debug|x86.Deploy.0 = Debug|iPhone
		{0641F0F6-E69B-462B-90F4-ACC304B26F9D}.Release|Any CPU.ActiveCfg = Release|iPhone
		{0641F0F6-E69B-462B-90F4-ACC304B26F9D}.Release|Any CPU.Build.0 = Release|iPhone
		{0641F0F6-E69B-462B-90F4-ACC304B26F9D}.Release|Any CPU.Deploy.0 = Release|iPhone
		{0641F0F6-E69B-462B-90F4-ACC304B26F9D}.Release|ARM.ActiveCfg = Release|iPhone
		{0641F0F6-E69B-462B-90F4-ACC304B26F9D}.Release|ARM.Build.0 = Release|iPhone
		{0641F0F6-E69B-462B-90F4-ACC304B26F9D}.Release|ARM.Deploy.0 = Release|iPhone
		{0641F0F6-E69B-462B-90F4-ACC304B26F9D}.Release|iPhone.ActiveCfg = Release|iPhone
		{0641F0F6-E69B-462B-90F4-ACC304B26F9D}.Release|iPhone.Build.0 = Release|iPhone
		{0641F0F6-E69B-462B-90F4-ACC304B26F9D}.Release|iPhone.Deploy.0 = Release|iPhone
		{0641F0F6-E69B-462B-90F4-ACC304B26F9D}.Release|iPhoneSimulator.ActiveCfg = Release|iPhoneSimulator
		{0641F0F6-E69B-462B-90F4-ACC304B26F9D}.Release|iPhoneSimulator.Build.0 = Release|iPhoneSimulator
		{0641F0F6-E69B-462B-90F4-ACC304B26F9D}.Release|iPhoneSimulator.Deploy.0 = Release|iPhoneSimulator
		{0641F0F6-E69B-462B-90F4-ACC304B26F9D}.Release|x64.ActiveCfg = Release|iPhone
		{0641F0F6-E69B-462B-90F4-ACC304B26F9D}.Release|x64.Build.0 = Release|iPhone
		{0641F0F6-E69B-462B-90F4-ACC304B26F9D}.Release|x64.Deploy.0 = Release|iPhone
		{0641F0F6-E69B-462B-90F4-ACC304B26F9D}.Release|x86.ActiveCfg = Release|iPhone
		{0641F0F6-E69B-462B-90F4-ACC304B26F9D}.Release|x86.Build.0 = Release|iPhone
		{0641F0F6-E69B-462B-90F4-ACC304B26F9D}.Release|x86.Deploy.0 = Release|iPhone
		{BDAC6A78-FE32-444C-8498-63D906A10FAD}.Ad-Hoc|Any CPU.ActiveCfg = Release|x86
		{BDAC6A78-FE32-444C-8498-63D906A10FAD}.Ad-Hoc|Any CPU.Build.0 = Release|x86
		{BDAC6A78-FE32-444C-8498-63D906A10FAD}.Ad-Hoc|Any CPU.Deploy.0 = Release|x86
		{BDAC6A78-FE32-444C-8498-63D906A10FAD}.Ad-Hoc|ARM.ActiveCfg = Release|ARM
		{BDAC6A78-FE32-444C-8498-63D906A10FAD}.Ad-Hoc|ARM.Build.0 = Release|ARM
		{BDAC6A78-FE32-444C-8498-63D906A10FAD}.Ad-Hoc|ARM.Deploy.0 = Release|ARM
		{BDAC6A78-FE32-444C-8498-63D906A10FAD}.Ad-Hoc|iPhone.ActiveCfg = Release|x86
		{BDAC6A78-FE32-444C-8498-63D906A10FAD}.Ad-Hoc|iPhone.Build.0 = Release|x86
		{BDAC6A78-FE32-444C-8498-63D906A10FAD}.Ad-Hoc|iPhone.Deploy.0 = Release|x86
		{BDAC6A78-FE32-444C-8498-63D906A10FAD}.Ad-Hoc|iPhoneSimulator.ActiveCfg = Release|x86
		{BDAC6A78-FE32-444C-8498-63D906A10FAD}.Ad-Hoc|iPhoneSimulator.Build.0 = Release|x86
		{BDAC6A78-FE32-444C-8498-63D906A10FAD}.Ad-Hoc|iPhoneSimulator.Deploy.0 = Release|x86
		{BDAC6A78-FE32-444C-8498-63D906A10FAD}.Ad-Hoc|x64.ActiveCfg = Release|x64
		{BDAC6A78-FE32-444C-8498-63D906A10FAD}.Ad-Hoc|x64.Build.0 = Release|x64
		{BDAC6A78-FE32-444C-8498-63D906A10FAD}.Ad-Hoc|x64.Deploy.0 = Release|x64
		{BDAC6A78-FE32-444C-8498-63D906A10FAD}.Ad-Hoc|x86.ActiveCfg = Release|x86
		{BDAC6A78-FE32-444C-8498-63D906A10FAD}.Ad-Hoc|x86.Build.0 = Release|x86
		{BDAC6A78-FE32-444C-8498-63D906A10FAD}.Ad-Hoc|x86.Deploy.0 = Release|x86
		{BDAC6A78-FE32-444C-8498-63D906A10FAD}.AppStore|Any CPU.ActiveCfg = Release|x86
		{BDAC6A78-FE32-444C-8498-63D906A10FAD}.AppStore|Any CPU.Build.0 = Release|x86
		{BDAC6A78-FE32-444C-8498-63D906A10FAD}.AppStore|Any CPU.Deploy.0 = Release|x86
		{BDAC6A78-FE32-444C-8498-63D906A10FAD}.AppStore|ARM.ActiveCfg = Release|ARM
		{BDAC6A78-FE32-444C-8498-63D906A10FAD}.AppStore|ARM.Build.0 = Release|ARM
		{BDAC6A78-FE32-444C-8498-63D906A10FAD}.AppStore|ARM.Deploy.0 = Release|ARM
		{BDAC6A78-FE32-444C-8498-63D906A10FAD}.AppStore|iPhone.ActiveCfg = Release|x86
		{BDAC6A78-FE32-444C-8498-63D906A10FAD}.AppStore|iPhone.Build.0 = Release|x86
		{BDAC6A78-FE32-444C-8498-63D906A10FAD}.AppStore|iPhone.Deploy.0 = Release|x86
		{BDAC6A78-FE32-444C-8498-63D906A10FAD}.AppStore|iPhoneSimulator.ActiveCfg = Release|x86
		{BDAC6A78-FE32-444C-8498-63D906A10FAD}.AppStore|iPhoneSimulator.Build.0 = Release|x86
		{BDAC6A78-FE32-444C-8498-63D906A10FAD}.AppStore|iPhoneSimulator.Deploy.0 = Release|x86
		{BDAC6A78-FE32-444C-8498-63D906A10FAD}.AppStore|x64.ActiveCfg = Release|x64
		{BDAC6A78-FE32-444C-8498-63D906A10FAD}.AppStore|x64.Build.0 = Release|x64
		{BDAC6A78-FE32-444C-8498-63D906A10FAD}.AppStore|x64.Deploy.0 = Release|x64
		{BDAC6A78-FE32-444C-8498-63D906A10FAD}.AppStore|x86.ActiveCfg = Release|x86
		{BDAC6A78-FE32-444C-8498-63D906A10FAD}.AppStore|x86.Build.0 = Release|x86
		{BDAC6A78-FE32-444C-8498-63D906A10FAD}.AppStore|x86.Deploy.0 = Release|x86
		{BDAC6A78-FE32-444C-8498-63D906A10FAD}.Debug|Any CPU.ActiveCfg = Debug|x86
		{BDAC6A78-FE32-444C-8498-63D906A10FAD}.Debug|Any CPU.Build.0 = Debug|x86
		{BDAC6A78-FE32-444C-8498-63D906A10FAD}.Debug|Any CPU.Deploy.0 = Debug|x86
		{BDAC6A78-FE32-444C-8498-63D906A10FAD}.Debug|ARM.ActiveCfg = Debug|ARM
		{BDAC6A78-FE32-444C-8498-63D906A10FAD}.Debug|ARM.Build.0 = Debug|ARM
		{BDAC6A78-FE32-444C-8498-63D906A10FAD}.Debug|ARM.Deploy.0 = Debug|ARM
		{BDAC6A78-FE32-444C-8498-63D906A10FAD}.Debug|iPhone.ActiveCfg = Debug|x86
		{BDAC6A78-FE32-444C-8498-63D906A10FAD}.Debug|iPhone.Build.0 = Debug|x86
		{BDAC6A78-FE32-444C-8498-63D906A10FAD}.Debug|iPhone.Deploy.0 = Debug|x86
		{BDAC6A78-FE32-444C-8498-63D906A10FAD}.Debug|iPhoneSimulator.ActiveCfg = Debug|x86
		{BDAC6A78-FE32-444C-8498-63D906A10FAD}.Debug|iPhoneSimulator.Build.0 = Debug|x86
		{BDAC6A78-FE32-444C-8498-63D906A10FAD}.Debug|iPhoneSimulator.Deploy.0 = Debug|x86
		{BDAC6A78-FE32-444C-8498-63D906A10FAD}.Debug|x64.ActiveCfg = Debug|x64
		{BDAC6A78-FE32-444C-8498-63D906A10FAD}.Debug|x64.Build.0 = Debug|x64
		{BDAC6A78-FE32-444C-8498-63D906A10FAD}.Debug|x64.Deploy.0 = Debug|x64
		{BDAC6A78-FE32-444C-8498-63D906A10FAD}.Debug|x86.ActiveCfg = Debug|x86
		{BDAC6A78-FE32-444C-8498-63D906A10FAD}.Debug|x86.Build.0 = Debug|x86
		{BDAC6A78-FE32-444C-8498-63D906A10FAD}.Debug|x86.Deploy.0 = Debug|x86
		{BDAC6A78-FE32-444C-8498-63D906A10FAD}.Release|Any CPU.ActiveCfg = Release|x86
		{BDAC6A78-FE32-444C-8498-63D906A10FAD}.Release|Any CPU.Build.0 = Release|x86
		{BDAC6A78-FE32-444C-8498-63D906A10FAD}.Release|Any CPU.Deploy.0 = Release|x86
		{BDAC6A78-FE32-444C-8498-63D906A10FAD}.Release|ARM.ActiveCfg = Release|ARM
		{BDAC6A78-FE32-444C-8498-63D906A10FAD}.Release|ARM.Build.0 = Release|ARM
		{BDAC6A78-FE32-444C-8498-63D906A10FAD}.Release|ARM.Deploy.0 = Release|ARM
		{BDAC6A78-FE32-444C-8498-63D906A10FAD}.Release|iPhone.ActiveCfg = Release|x86
		{BDAC6A78-FE32-444C-8498-63D906A10FAD}.Release|iPhone.Build.0 = Release|x86
		{BDAC6A78-FE32-444C-8498-63D906A10FAD}.Release|iPhone.Deploy.0 = Release|x86
		{BDAC6A78-FE32-444C-8498-63D906A10FAD}.Release|iPhoneSimulator.ActiveCfg = Release|x86
		{BDAC6A78-FE32-444C-8498-63D906A10FAD}.Release|iPhoneSimulator.Build.0 = Release|x86
		{BDAC6A78-FE32-444C-8498-63D906A10FAD}.Release|iPhoneSimulator.Deploy.0 = Release|x86
		{BDAC6A78-FE32-444C-8498-63D906A10FAD}.Release|x64.ActiveCfg = Release|x64
		{BDAC6A78-FE32-444C-8498-63D906A10FAD}.Release|x64.Build.0 = Release|x64
		{BDAC6A78-FE32-444C-8498-63D906A10FAD}.Release|x64.Deploy.0 = Release|x64
		{BDAC6A78-FE32-444C-8498-63D906A10FAD}.Release|x86.ActiveCfg = Release|x86
		{BDAC6A78-FE32-444C-8498-63D906A10FAD}.Release|x86.Build.0 = Release|x86
		{BDAC6A78-FE32-444C-8498-63D906A10FAD}.Release|x86.Deploy.0 = Release|x86
		{F36AFEC2-074E-4599-B5E0-01F5ED893A35}.Ad-Hoc|Any CPU.ActiveCfg = Debug|Any CPU
		{F36AFEC2-074E-4599-B5E0-01F5ED893A35}.Ad-Hoc|Any CPU.Build.0 = Debug|Any CPU
		{F36AFEC2-074E-4599-B5E0-01F5ED893A35}.Ad-Hoc|Any CPU.Deploy.0 = Debug|Any CPU
		{F36AFEC2-074E-4599-B5E0-01F5ED893A35}.Ad-Hoc|ARM.ActiveCfg = Debug|Any CPU
		{F36AFEC2-074E-4599-B5E0-01F5ED893A35}.Ad-Hoc|ARM.Build.0 = Debug|Any CPU
		{F36AFEC2-074E-4599-B5E0-01F5ED893A35}.Ad-Hoc|ARM.Deploy.0 = Debug|Any CPU
		{F36AFEC2-074E-4599-B5E0-01F5ED893A35}.Ad-Hoc|iPhone.ActiveCfg = Debug|Any CPU
		{F36AFEC2-074E-4599-B5E0-01F5ED893A35}.Ad-Hoc|iPhone.Build.0 = Debug|Any CPU
		{F36AFEC2-074E-4599-B5E0-01F5ED893A35}.Ad-Hoc|iPhone.Deploy.0 = Debug|Any CPU
		{F36AFEC2-074E-4599-B5E0-01F5ED893A35}.Ad-Hoc|iPhoneSimulator.ActiveCfg = Debug|Any CPU
		{F36AFEC2-074E-4599-B5E0-01F5ED893A35}.Ad-Hoc|iPhoneSimulator.Build.0 = Debug|Any CPU
		{F36AFEC2-074E-4599-B5E0-01F5ED893A35}.Ad-Hoc|iPhoneSimulator.Deploy.0 = Debug|Any CPU
		{F36AFEC2-074E-4599-B5E0-01F5ED893A35}.Ad-Hoc|x64.ActiveCfg = Debug|Any CPU
		{F36AFEC2-074E-4599-B5E0-01F5ED893A35}.Ad-Hoc|x64.Build.0 = Debug|Any CPU
		{F36AFEC2-074E-4599-B5E0-01F5ED893A35}.Ad-Hoc|x64.Deploy.0 = Debug|Any CPU
		{F36AFEC2-074E-4599-B5E0-01F5ED893A35}.Ad-Hoc|x86.ActiveCfg = Debug|Any CPU
		{F36AFEC2-074E-4599-B5E0-01F5ED893A35}.Ad-Hoc|x86.Build.0 = Debug|Any CPU
		{F36AFEC2-074E-4599-B5E0-01F5ED893A35}.Ad-Hoc|x86.Deploy.0 = Debug|Any CPU
		{F36AFEC2-074E-4599-B5E0-01F5ED893A35}.AppStore|Any CPU.ActiveCfg = Debug|Any CPU
		{F36AFEC2-074E-4599-B5E0-01F5ED893A35}.AppStore|Any CPU.Build.0 = Debug|Any CPU
		{F36AFEC2-074E-4599-B5E0-01F5ED893A35}.AppStore|Any CPU.Deploy.0 = Debug|Any CPU
		{F36AFEC2-074E-4599-B5E0-01F5ED893A35}.AppStore|ARM.ActiveCfg = Debug|Any CPU
		{F36AFEC2-074E-4599-B5E0-01F5ED893A35}.AppStore|ARM.Build.0 = Debug|Any CPU
		{F36AFEC2-074E-4599-B5E0-01F5ED893A35}.AppStore|ARM.Deploy.0 = Debug|Any CPU
		{F36AFEC2-074E-4599-B5E0-01F5ED893A35}.AppStore|iPhone.ActiveCfg = Debug|Any CPU
		{F36AFEC2-074E-4599-B5E0-01F5ED893A35}.AppStore|iPhone.Build.0 = Debug|Any CPU
		{F36AFEC2-074E-4599-B5E0-01F5ED893A35}.AppStore|iPhone.Deploy.0 = Debug|Any CPU
		{F36AFEC2-074E-4599-B5E0-01F5ED893A35}.AppStore|iPhoneSimulator.ActiveCfg = Debug|Any CPU
		{F36AFEC2-074E-4599-B5E0-01F5ED893A35}.AppStore|iPhoneSimulator.Build.0 = Debug|Any CPU
		{F36AFEC2-074E-4599-B5E0-01F5ED893A35}.AppStore|iPhoneSimulator.Deploy.0 = Debug|Any CPU
		{F36AFEC2-074E-4599-B5E0-01F5ED893A35}.AppStore|x64.ActiveCfg = Debug|Any CPU
		{F36AFEC2-074E-4599-B5E0-01F5ED893A35}.AppStore|x64.Build.0 = Debug|Any CPU
		{F36AFEC2-074E-4599-B5E0-01F5ED893A35}.AppStore|x64.Deploy.0 = Debug|Any CPU
		{F36AFEC2-074E-4599-B5E0-01F5ED893A35}.AppStore|x86.ActiveCfg = Debug|Any CPU
		{F36AFEC2-074E-4599-B5E0-01F5ED893A35}.AppStore|x86.Build.0 = Debug|Any CPU
		{F36AFEC2-074E-4599-B5E0-01F5ED893A35}.AppStore|x86.Deploy.0 = Debug|Any CPU
		{F36AFEC2-074E-4599-B5E0-01F5ED893A35}.Debug|Any CPU.ActiveCfg = Debug|Any CPU
		{F36AFEC2-074E-4599-B5E0-01F5ED893A35}.Debug|Any CPU.Build.0 = Debug|Any CPU
		{F36AFEC2-074E-4599-B5E0-01F5ED893A35}.Debug|Any CPU.Deploy.0 = Debug|Any CPU
		{F36AFEC2-074E-4599-B5E0-01F5ED893A35}.Debug|ARM.ActiveCfg = Debug|Any CPU
		{F36AFEC2-074E-4599-B5E0-01F5ED893A35}.Debug|ARM.Build.0 = Debug|Any CPU
		{F36AFEC2-074E-4599-B5E0-01F5ED893A35}.Debug|ARM.Deploy.0 = Debug|Any CPU
		{F36AFEC2-074E-4599-B5E0-01F5ED893A35}.Debug|iPhone.ActiveCfg = Debug|Any CPU
		{F36AFEC2-074E-4599-B5E0-01F5ED893A35}.Debug|iPhone.Build.0 = Debug|Any CPU
		{F36AFEC2-074E-4599-B5E0-01F5ED893A35}.Debug|iPhone.Deploy.0 = Debug|Any CPU
		{F36AFEC2-074E-4599-B5E0-01F5ED893A35}.Debug|iPhoneSimulator.ActiveCfg = Debug|Any CPU
		{F36AFEC2-074E-4599-B5E0-01F5ED893A35}.Debug|iPhoneSimulator.Build.0 = Debug|Any CPU
		{F36AFEC2-074E-4599-B5E0-01F5ED893A35}.Debug|iPhoneSimulator.Deploy.0 = Debug|Any CPU
		{F36AFEC2-074E-4599-B5E0-01F5ED893A35}.Debug|x64.ActiveCfg = Debug|Any CPU
		{F36AFEC2-074E-4599-B5E0-01F5ED893A35}.Debug|x64.Build.0 = Debug|Any CPU
		{F36AFEC2-074E-4599-B5E0-01F5ED893A35}.Debug|x64.Deploy.0 = Debug|Any CPU
		{F36AFEC2-074E-4599-B5E0-01F5ED893A35}.Debug|x86.ActiveCfg = Debug|Any CPU
		{F36AFEC2-074E-4599-B5E0-01F5ED893A35}.Debug|x86.Build.0 = Debug|Any CPU
		{F36AFEC2-074E-4599-B5E0-01F5ED893A35}.Debug|x86.Deploy.0 = Debug|Any CPU
		{F36AFEC2-074E-4599-B5E0-01F5ED893A35}.Release|Any CPU.ActiveCfg = Release|Any CPU
		{F36AFEC2-074E-4599-B5E0-01F5ED893A35}.Release|Any CPU.Build.0 = Release|Any CPU
		{F36AFEC2-074E-4599-B5E0-01F5ED893A35}.Release|Any CPU.Deploy.0 = Release|Any CPU
		{F36AFEC2-074E-4599-B5E0-01F5ED893A35}.Release|ARM.ActiveCfg = Release|Any CPU
		{F36AFEC2-074E-4599-B5E0-01F5ED893A35}.Release|ARM.Build.0 = Release|Any CPU
		{F36AFEC2-074E-4599-B5E0-01F5ED893A35}.Release|ARM.Deploy.0 = Release|Any CPU
		{F36AFEC2-074E-4599-B5E0-01F5ED893A35}.Release|iPhone.ActiveCfg = Release|Any CPU
		{F36AFEC2-074E-4599-B5E0-01F5ED893A35}.Release|iPhone.Build.0 = Release|Any CPU
		{F36AFEC2-074E-4599-B5E0-01F5ED893A35}.Release|iPhone.Deploy.0 = Release|Any CPU
		{F36AFEC2-074E-4599-B5E0-01F5ED893A35}.Release|iPhoneSimulator.ActiveCfg = Release|Any CPU
		{F36AFEC2-074E-4599-B5E0-01F5ED893A35}.Release|iPhoneSimulator.Build.0 = Release|Any CPU
		{F36AFEC2-074E-4599-B5E0-01F5ED893A35}.Release|iPhoneSimulator.Deploy.0 = Release|Any CPU
		{F36AFEC2-074E-4599-B5E0-01F5ED893A35}.Release|x64.ActiveCfg = Release|Any CPU
		{F36AFEC2-074E-4599-B5E0-01F5ED893A35}.Release|x64.Build.0 = Release|Any CPU
		{F36AFEC2-074E-4599-B5E0-01F5ED893A35}.Release|x64.Deploy.0 = Release|Any CPU
		{F36AFEC2-074E-4599-B5E0-01F5ED893A35}.Release|x86.ActiveCfg = Release|Any CPU
		{F36AFEC2-074E-4599-B5E0-01F5ED893A35}.Release|x86.Build.0 = Release|Any CPU
		{F36AFEC2-074E-4599-B5E0-01F5ED893A35}.Release|x86.Deploy.0 = Release|Any CPU
		{399FCBE7-1E64-411D-BF3C-71C6B5F949A5}.Ad-Hoc|Any CPU.ActiveCfg = Release|Any CPU
		{399FCBE7-1E64-411D-BF3C-71C6B5F949A5}.Ad-Hoc|Any CPU.Build.0 = Release|Any CPU
		{399FCBE7-1E64-411D-BF3C-71C6B5F949A5}.Ad-Hoc|ARM.ActiveCfg = Release|Any CPU
		{399FCBE7-1E64-411D-BF3C-71C6B5F949A5}.Ad-Hoc|ARM.Build.0 = Release|Any CPU
		{399FCBE7-1E64-411D-BF3C-71C6B5F949A5}.Ad-Hoc|iPhone.ActiveCfg = Release|Any CPU
		{399FCBE7-1E64-411D-BF3C-71C6B5F949A5}.Ad-Hoc|iPhone.Build.0 = Release|Any CPU
		{399FCBE7-1E64-411D-BF3C-71C6B5F949A5}.Ad-Hoc|iPhoneSimulator.ActiveCfg = Release|Any CPU
		{399FCBE7-1E64-411D-BF3C-71C6B5F949A5}.Ad-Hoc|iPhoneSimulator.Build.0 = Release|Any CPU
		{399FCBE7-1E64-411D-BF3C-71C6B5F949A5}.Ad-Hoc|x64.ActiveCfg = Release|Any CPU
		{399FCBE7-1E64-411D-BF3C-71C6B5F949A5}.Ad-Hoc|x64.Build.0 = Release|Any CPU
		{399FCBE7-1E64-411D-BF3C-71C6B5F949A5}.Ad-Hoc|x86.ActiveCfg = Release|Any CPU
		{399FCBE7-1E64-411D-BF3C-71C6B5F949A5}.Ad-Hoc|x86.Build.0 = Release|Any CPU
		{399FCBE7-1E64-411D-BF3C-71C6B5F949A5}.AppStore|Any CPU.ActiveCfg = Release|Any CPU
		{399FCBE7-1E64-411D-BF3C-71C6B5F949A5}.AppStore|Any CPU.Build.0 = Release|Any CPU
		{399FCBE7-1E64-411D-BF3C-71C6B5F949A5}.AppStore|ARM.ActiveCfg = Release|Any CPU
		{399FCBE7-1E64-411D-BF3C-71C6B5F949A5}.AppStore|ARM.Build.0 = Release|Any CPU
		{399FCBE7-1E64-411D-BF3C-71C6B5F949A5}.AppStore|iPhone.ActiveCfg = Release|Any CPU
		{399FCBE7-1E64-411D-BF3C-71C6B5F949A5}.AppStore|iPhone.Build.0 = Release|Any CPU
		{399FCBE7-1E64-411D-BF3C-71C6B5F949A5}.AppStore|iPhoneSimulator.ActiveCfg = Release|Any CPU
		{399FCBE7-1E64-411D-BF3C-71C6B5F949A5}.AppStore|iPhoneSimulator.Build.0 = Release|Any CPU
		{399FCBE7-1E64-411D-BF3C-71C6B5F949A5}.AppStore|x64.ActiveCfg = Release|Any CPU
		{399FCBE7-1E64-411D-BF3C-71C6B5F949A5}.AppStore|x64.Build.0 = Release|Any CPU
		{399FCBE7-1E64-411D-BF3C-71C6B5F949A5}.AppStore|x86.ActiveCfg = Release|Any CPU
		{399FCBE7-1E64-411D-BF3C-71C6B5F949A5}.AppStore|x86.Build.0 = Release|Any CPU
		{399FCBE7-1E64-411D-BF3C-71C6B5F949A5}.Debug|Any CPU.ActiveCfg = Debug|Any CPU
		{399FCBE7-1E64-411D-BF3C-71C6B5F949A5}.Debug|Any CPU.Build.0 = Debug|Any CPU
		{399FCBE7-1E64-411D-BF3C-71C6B5F949A5}.Debug|ARM.ActiveCfg = Debug|Any CPU
		{399FCBE7-1E64-411D-BF3C-71C6B5F949A5}.Debug|ARM.Build.0 = Debug|Any CPU
		{399FCBE7-1E64-411D-BF3C-71C6B5F949A5}.Debug|iPhone.ActiveCfg = Debug|Any CPU
		{399FCBE7-1E64-411D-BF3C-71C6B5F949A5}.Debug|iPhone.Build.0 = Debug|Any CPU
		{399FCBE7-1E64-411D-BF3C-71C6B5F949A5}.Debug|iPhoneSimulator.ActiveCfg = Debug|Any CPU
		{399FCBE7-1E64-411D-BF3C-71C6B5F949A5}.Debug|iPhoneSimulator.Build.0 = Debug|Any CPU
		{399FCBE7-1E64-411D-BF3C-71C6B5F949A5}.Debug|x64.ActiveCfg = Debug|Any CPU
		{399FCBE7-1E64-411D-BF3C-71C6B5F949A5}.Debug|x64.Build.0 = Debug|Any CPU
		{399FCBE7-1E64-411D-BF3C-71C6B5F949A5}.Debug|x86.ActiveCfg = Debug|Any CPU
		{399FCBE7-1E64-411D-BF3C-71C6B5F949A5}.Debug|x86.Build.0 = Debug|Any CPU
		{399FCBE7-1E64-411D-BF3C-71C6B5F949A5}.Release|Any CPU.ActiveCfg = Release|Any CPU
		{399FCBE7-1E64-411D-BF3C-71C6B5F949A5}.Release|Any CPU.Build.0 = Release|Any CPU
		{399FCBE7-1E64-411D-BF3C-71C6B5F949A5}.Release|ARM.ActiveCfg = Release|Any CPU
		{399FCBE7-1E64-411D-BF3C-71C6B5F949A5}.Release|ARM.Build.0 = Release|Any CPU
		{399FCBE7-1E64-411D-BF3C-71C6B5F949A5}.Release|iPhone.ActiveCfg = Release|Any CPU
		{399FCBE7-1E64-411D-BF3C-71C6B5F949A5}.Release|iPhone.Build.0 = Release|Any CPU
		{399FCBE7-1E64-411D-BF3C-71C6B5F949A5}.Release|iPhoneSimulator.ActiveCfg = Release|Any CPU
		{399FCBE7-1E64-411D-BF3C-71C6B5F949A5}.Release|iPhoneSimulator.Build.0 = Release|Any CPU
		{399FCBE7-1E64-411D-BF3C-71C6B5F949A5}.Release|x64.ActiveCfg = Release|Any CPU
		{399FCBE7-1E64-411D-BF3C-71C6B5F949A5}.Release|x64.Build.0 = Release|Any CPU
		{399FCBE7-1E64-411D-BF3C-71C6B5F949A5}.Release|x86.ActiveCfg = Release|Any CPU
		{399FCBE7-1E64-411D-BF3C-71C6B5F949A5}.Release|x86.Build.0 = Release|Any CPU
		{DAFFB014-56D1-4DD6-B4C5-B46CB52D188A}.Ad-Hoc|Any CPU.ActiveCfg = Release|Any CPU
		{DAFFB014-56D1-4DD6-B4C5-B46CB52D188A}.Ad-Hoc|Any CPU.Build.0 = Release|Any CPU
		{DAFFB014-56D1-4DD6-B4C5-B46CB52D188A}.Ad-Hoc|ARM.ActiveCfg = Release|Any CPU
		{DAFFB014-56D1-4DD6-B4C5-B46CB52D188A}.Ad-Hoc|ARM.Build.0 = Release|Any CPU
		{DAFFB014-56D1-4DD6-B4C5-B46CB52D188A}.Ad-Hoc|iPhone.ActiveCfg = Release|Any CPU
		{DAFFB014-56D1-4DD6-B4C5-B46CB52D188A}.Ad-Hoc|iPhone.Build.0 = Release|Any CPU
		{DAFFB014-56D1-4DD6-B4C5-B46CB52D188A}.Ad-Hoc|iPhoneSimulator.ActiveCfg = Release|Any CPU
		{DAFFB014-56D1-4DD6-B4C5-B46CB52D188A}.Ad-Hoc|iPhoneSimulator.Build.0 = Release|Any CPU
		{DAFFB014-56D1-4DD6-B4C5-B46CB52D188A}.Ad-Hoc|x64.ActiveCfg = Release|Any CPU
		{DAFFB014-56D1-4DD6-B4C5-B46CB52D188A}.Ad-Hoc|x64.Build.0 = Release|Any CPU
		{DAFFB014-56D1-4DD6-B4C5-B46CB52D188A}.Ad-Hoc|x86.ActiveCfg = Release|Any CPU
		{DAFFB014-56D1-4DD6-B4C5-B46CB52D188A}.Ad-Hoc|x86.Build.0 = Release|Any CPU
		{DAFFB014-56D1-4DD6-B4C5-B46CB52D188A}.AppStore|Any CPU.ActiveCfg = Release|Any CPU
		{DAFFB014-56D1-4DD6-B4C5-B46CB52D188A}.AppStore|Any CPU.Build.0 = Release|Any CPU
		{DAFFB014-56D1-4DD6-B4C5-B46CB52D188A}.AppStore|ARM.ActiveCfg = Release|Any CPU
		{DAFFB014-56D1-4DD6-B4C5-B46CB52D188A}.AppStore|ARM.Build.0 = Release|Any CPU
		{DAFFB014-56D1-4DD6-B4C5-B46CB52D188A}.AppStore|iPhone.ActiveCfg = Release|Any CPU
		{DAFFB014-56D1-4DD6-B4C5-B46CB52D188A}.AppStore|iPhone.Build.0 = Release|Any CPU
		{DAFFB014-56D1-4DD6-B4C5-B46CB52D188A}.AppStore|iPhoneSimulator.ActiveCfg = Release|Any CPU
		{DAFFB014-56D1-4DD6-B4C5-B46CB52D188A}.AppStore|iPhoneSimulator.Build.0 = Release|Any CPU
		{DAFFB014-56D1-4DD6-B4C5-B46CB52D188A}.AppStore|x64.ActiveCfg = Release|Any CPU
		{DAFFB014-56D1-4DD6-B4C5-B46CB52D188A}.AppStore|x64.Build.0 = Release|Any CPU
		{DAFFB014-56D1-4DD6-B4C5-B46CB52D188A}.AppStore|x86.ActiveCfg = Release|Any CPU
		{DAFFB014-56D1-4DD6-B4C5-B46CB52D188A}.AppStore|x86.Build.0 = Release|Any CPU
		{DAFFB014-56D1-4DD6-B4C5-B46CB52D188A}.Debug|Any CPU.ActiveCfg = Debug|Any CPU
		{DAFFB014-56D1-4DD6-B4C5-B46CB52D188A}.Debug|Any CPU.Build.0 = Debug|Any CPU
		{DAFFB014-56D1-4DD6-B4C5-B46CB52D188A}.Debug|ARM.ActiveCfg = Debug|Any CPU
		{DAFFB014-56D1-4DD6-B4C5-B46CB52D188A}.Debug|ARM.Build.0 = Debug|Any CPU
		{DAFFB014-56D1-4DD6-B4C5-B46CB52D188A}.Debug|iPhone.ActiveCfg = Debug|Any CPU
		{DAFFB014-56D1-4DD6-B4C5-B46CB52D188A}.Debug|iPhone.Build.0 = Debug|Any CPU
		{DAFFB014-56D1-4DD6-B4C5-B46CB52D188A}.Debug|iPhoneSimulator.ActiveCfg = Debug|Any CPU
		{DAFFB014-56D1-4DD6-B4C5-B46CB52D188A}.Debug|iPhoneSimulator.Build.0 = Debug|Any CPU
		{DAFFB014-56D1-4DD6-B4C5-B46CB52D188A}.Debug|x64.ActiveCfg = Debug|Any CPU
		{DAFFB014-56D1-4DD6-B4C5-B46CB52D188A}.Debug|x64.Build.0 = Debug|Any CPU
		{DAFFB014-56D1-4DD6-B4C5-B46CB52D188A}.Debug|x86.ActiveCfg = Debug|Any CPU
		{DAFFB014-56D1-4DD6-B4C5-B46CB52D188A}.Debug|x86.Build.0 = Debug|Any CPU
		{DAFFB014-56D1-4DD6-B4C5-B46CB52D188A}.Release|Any CPU.ActiveCfg = Release|Any CPU
		{DAFFB014-56D1-4DD6-B4C5-B46CB52D188A}.Release|Any CPU.Build.0 = Release|Any CPU
		{DAFFB014-56D1-4DD6-B4C5-B46CB52D188A}.Release|ARM.ActiveCfg = Release|Any CPU
		{DAFFB014-56D1-4DD6-B4C5-B46CB52D188A}.Release|ARM.Build.0 = Release|Any CPU
		{DAFFB014-56D1-4DD6-B4C5-B46CB52D188A}.Release|iPhone.ActiveCfg = Release|Any CPU
		{DAFFB014-56D1-4DD6-B4C5-B46CB52D188A}.Release|iPhone.Build.0 = Release|Any CPU
		{DAFFB014-56D1-4DD6-B4C5-B46CB52D188A}.Release|iPhoneSimulator.ActiveCfg = Release|Any CPU
		{DAFFB014-56D1-4DD6-B4C5-B46CB52D188A}.Release|iPhoneSimulator.Build.0 = Release|Any CPU
		{DAFFB014-56D1-4DD6-B4C5-B46CB52D188A}.Release|x64.ActiveCfg = Release|Any CPU
		{DAFFB014-56D1-4DD6-B4C5-B46CB52D188A}.Release|x64.Build.0 = Release|Any CPU
		{DAFFB014-56D1-4DD6-B4C5-B46CB52D188A}.Release|x86.ActiveCfg = Release|Any CPU
		{DAFFB014-56D1-4DD6-B4C5-B46CB52D188A}.Release|x86.Build.0 = Release|Any CPU
		{2D69B217-E4A5-4BE1-B213-4F55285CB1C5}.Ad-Hoc|Any CPU.ActiveCfg = Release|Any CPU
		{2D69B217-E4A5-4BE1-B213-4F55285CB1C5}.Ad-Hoc|Any CPU.Build.0 = Release|Any CPU
		{2D69B217-E4A5-4BE1-B213-4F55285CB1C5}.Ad-Hoc|ARM.ActiveCfg = Release|Any CPU
		{2D69B217-E4A5-4BE1-B213-4F55285CB1C5}.Ad-Hoc|ARM.Build.0 = Release|Any CPU
		{2D69B217-E4A5-4BE1-B213-4F55285CB1C5}.Ad-Hoc|iPhone.ActiveCfg = Release|Any CPU
		{2D69B217-E4A5-4BE1-B213-4F55285CB1C5}.Ad-Hoc|iPhone.Build.0 = Release|Any CPU
		{2D69B217-E4A5-4BE1-B213-4F55285CB1C5}.Ad-Hoc|iPhoneSimulator.ActiveCfg = Release|Any CPU
		{2D69B217-E4A5-4BE1-B213-4F55285CB1C5}.Ad-Hoc|iPhoneSimulator.Build.0 = Release|Any CPU
		{2D69B217-E4A5-4BE1-B213-4F55285CB1C5}.Ad-Hoc|x64.ActiveCfg = Release|Any CPU
		{2D69B217-E4A5-4BE1-B213-4F55285CB1C5}.Ad-Hoc|x64.Build.0 = Release|Any CPU
		{2D69B217-E4A5-4BE1-B213-4F55285CB1C5}.Ad-Hoc|x86.ActiveCfg = Release|Any CPU
		{2D69B217-E4A5-4BE1-B213-4F55285CB1C5}.Ad-Hoc|x86.Build.0 = Release|Any CPU
		{2D69B217-E4A5-4BE1-B213-4F55285CB1C5}.AppStore|Any CPU.ActiveCfg = Release|Any CPU
		{2D69B217-E4A5-4BE1-B213-4F55285CB1C5}.AppStore|Any CPU.Build.0 = Release|Any CPU
		{2D69B217-E4A5-4BE1-B213-4F55285CB1C5}.AppStore|ARM.ActiveCfg = Release|Any CPU
		{2D69B217-E4A5-4BE1-B213-4F55285CB1C5}.AppStore|ARM.Build.0 = Release|Any CPU
		{2D69B217-E4A5-4BE1-B213-4F55285CB1C5}.AppStore|iPhone.ActiveCfg = Release|Any CPU
		{2D69B217-E4A5-4BE1-B213-4F55285CB1C5}.AppStore|iPhone.Build.0 = Release|Any CPU
		{2D69B217-E4A5-4BE1-B213-4F55285CB1C5}.AppStore|iPhoneSimulator.ActiveCfg = Release|Any CPU
		{2D69B217-E4A5-4BE1-B213-4F55285CB1C5}.AppStore|iPhoneSimulator.Build.0 = Release|Any CPU
		{2D69B217-E4A5-4BE1-B213-4F55285CB1C5}.AppStore|x64.ActiveCfg = Release|Any CPU
		{2D69B217-E4A5-4BE1-B213-4F55285CB1C5}.AppStore|x64.Build.0 = Release|Any CPU
		{2D69B217-E4A5-4BE1-B213-4F55285CB1C5}.AppStore|x86.ActiveCfg = Release|Any CPU
		{2D69B217-E4A5-4BE1-B213-4F55285CB1C5}.AppStore|x86.Build.0 = Release|Any CPU
		{2D69B217-E4A5-4BE1-B213-4F55285CB1C5}.Debug|Any CPU.ActiveCfg = Debug|Any CPU
		{2D69B217-E4A5-4BE1-B213-4F55285CB1C5}.Debug|Any CPU.Build.0 = Debug|Any CPU
		{2D69B217-E4A5-4BE1-B213-4F55285CB1C5}.Debug|ARM.ActiveCfg = Debug|Any CPU
		{2D69B217-E4A5-4BE1-B213-4F55285CB1C5}.Debug|ARM.Build.0 = Debug|Any CPU
		{2D69B217-E4A5-4BE1-B213-4F55285CB1C5}.Debug|iPhone.ActiveCfg = Debug|Any CPU
		{2D69B217-E4A5-4BE1-B213-4F55285CB1C5}.Debug|iPhone.Build.0 = Debug|Any CPU
		{2D69B217-E4A5-4BE1-B213-4F55285CB1C5}.Debug|iPhoneSimulator.ActiveCfg = Debug|Any CPU
		{2D69B217-E4A5-4BE1-B213-4F55285CB1C5}.Debug|iPhoneSimulator.Build.0 = Debug|Any CPU
		{2D69B217-E4A5-4BE1-B213-4F55285CB1C5}.Debug|x64.ActiveCfg = Debug|Any CPU
		{2D69B217-E4A5-4BE1-B213-4F55285CB1C5}.Debug|x64.Build.0 = Debug|Any CPU
		{2D69B217-E4A5-4BE1-B213-4F55285CB1C5}.Debug|x86.ActiveCfg = Debug|Any CPU
		{2D69B217-E4A5-4BE1-B213-4F55285CB1C5}.Debug|x86.Build.0 = Debug|Any CPU
		{2D69B217-E4A5-4BE1-B213-4F55285CB1C5}.Release|Any CPU.ActiveCfg = Release|Any CPU
		{2D69B217-E4A5-4BE1-B213-4F55285CB1C5}.Release|Any CPU.Build.0 = Release|Any CPU
		{2D69B217-E4A5-4BE1-B213-4F55285CB1C5}.Release|ARM.ActiveCfg = Release|Any CPU
		{2D69B217-E4A5-4BE1-B213-4F55285CB1C5}.Release|ARM.Build.0 = Release|Any CPU
		{2D69B217-E4A5-4BE1-B213-4F55285CB1C5}.Release|iPhone.ActiveCfg = Release|Any CPU
		{2D69B217-E4A5-4BE1-B213-4F55285CB1C5}.Release|iPhone.Build.0 = Release|Any CPU
		{2D69B217-E4A5-4BE1-B213-4F55285CB1C5}.Release|iPhoneSimulator.ActiveCfg = Release|Any CPU
		{2D69B217-E4A5-4BE1-B213-4F55285CB1C5}.Release|iPhoneSimulator.Build.0 = Release|Any CPU
		{2D69B217-E4A5-4BE1-B213-4F55285CB1C5}.Release|x64.ActiveCfg = Release|Any CPU
		{2D69B217-E4A5-4BE1-B213-4F55285CB1C5}.Release|x64.Build.0 = Release|Any CPU
		{2D69B217-E4A5-4BE1-B213-4F55285CB1C5}.Release|x86.ActiveCfg = Release|Any CPU
		{2D69B217-E4A5-4BE1-B213-4F55285CB1C5}.Release|x86.Build.0 = Release|Any CPU
		{1D56EE91-A2C6-4783-940D-512213FDAE8A}.Ad-Hoc|Any CPU.ActiveCfg = Release|Any CPU
		{1D56EE91-A2C6-4783-940D-512213FDAE8A}.Ad-Hoc|Any CPU.Build.0 = Release|Any CPU
		{1D56EE91-A2C6-4783-940D-512213FDAE8A}.Ad-Hoc|ARM.ActiveCfg = Release|Any CPU
		{1D56EE91-A2C6-4783-940D-512213FDAE8A}.Ad-Hoc|ARM.Build.0 = Release|Any CPU
		{1D56EE91-A2C6-4783-940D-512213FDAE8A}.Ad-Hoc|iPhone.ActiveCfg = Release|Any CPU
		{1D56EE91-A2C6-4783-940D-512213FDAE8A}.Ad-Hoc|iPhone.Build.0 = Release|Any CPU
		{1D56EE91-A2C6-4783-940D-512213FDAE8A}.Ad-Hoc|iPhoneSimulator.ActiveCfg = Release|Any CPU
		{1D56EE91-A2C6-4783-940D-512213FDAE8A}.Ad-Hoc|iPhoneSimulator.Build.0 = Release|Any CPU
		{1D56EE91-A2C6-4783-940D-512213FDAE8A}.Ad-Hoc|x64.ActiveCfg = Release|Any CPU
		{1D56EE91-A2C6-4783-940D-512213FDAE8A}.Ad-Hoc|x64.Build.0 = Release|Any CPU
		{1D56EE91-A2C6-4783-940D-512213FDAE8A}.Ad-Hoc|x86.ActiveCfg = Release|Any CPU
		{1D56EE91-A2C6-4783-940D-512213FDAE8A}.Ad-Hoc|x86.Build.0 = Release|Any CPU
		{1D56EE91-A2C6-4783-940D-512213FDAE8A}.AppStore|Any CPU.ActiveCfg = Release|Any CPU
		{1D56EE91-A2C6-4783-940D-512213FDAE8A}.AppStore|Any CPU.Build.0 = Release|Any CPU
		{1D56EE91-A2C6-4783-940D-512213FDAE8A}.AppStore|ARM.ActiveCfg = Release|Any CPU
		{1D56EE91-A2C6-4783-940D-512213FDAE8A}.AppStore|ARM.Build.0 = Release|Any CPU
		{1D56EE91-A2C6-4783-940D-512213FDAE8A}.AppStore|iPhone.ActiveCfg = Release|Any CPU
		{1D56EE91-A2C6-4783-940D-512213FDAE8A}.AppStore|iPhone.Build.0 = Release|Any CPU
		{1D56EE91-A2C6-4783-940D-512213FDAE8A}.AppStore|iPhoneSimulator.ActiveCfg = Release|Any CPU
		{1D56EE91-A2C6-4783-940D-512213FDAE8A}.AppStore|iPhoneSimulator.Build.0 = Release|Any CPU
		{1D56EE91-A2C6-4783-940D-512213FDAE8A}.AppStore|x64.ActiveCfg = Release|Any CPU
		{1D56EE91-A2C6-4783-940D-512213FDAE8A}.AppStore|x64.Build.0 = Release|Any CPU
		{1D56EE91-A2C6-4783-940D-512213FDAE8A}.AppStore|x86.ActiveCfg = Release|Any CPU
		{1D56EE91-A2C6-4783-940D-512213FDAE8A}.AppStore|x86.Build.0 = Release|Any CPU
		{1D56EE91-A2C6-4783-940D-512213FDAE8A}.Debug|Any CPU.ActiveCfg = Debug|Any CPU
		{1D56EE91-A2C6-4783-940D-512213FDAE8A}.Debug|Any CPU.Build.0 = Debug|Any CPU
		{1D56EE91-A2C6-4783-940D-512213FDAE8A}.Debug|ARM.ActiveCfg = Debug|Any CPU
		{1D56EE91-A2C6-4783-940D-512213FDAE8A}.Debug|ARM.Build.0 = Debug|Any CPU
		{1D56EE91-A2C6-4783-940D-512213FDAE8A}.Debug|iPhone.ActiveCfg = Debug|Any CPU
		{1D56EE91-A2C6-4783-940D-512213FDAE8A}.Debug|iPhone.Build.0 = Debug|Any CPU
		{1D56EE91-A2C6-4783-940D-512213FDAE8A}.Debug|iPhoneSimulator.ActiveCfg = Debug|Any CPU
		{1D56EE91-A2C6-4783-940D-512213FDAE8A}.Debug|iPhoneSimulator.Build.0 = Debug|Any CPU
		{1D56EE91-A2C6-4783-940D-512213FDAE8A}.Debug|x64.ActiveCfg = Debug|Any CPU
		{1D56EE91-A2C6-4783-940D-512213FDAE8A}.Debug|x64.Build.0 = Debug|Any CPU
		{1D56EE91-A2C6-4783-940D-512213FDAE8A}.Debug|x86.ActiveCfg = Debug|Any CPU
		{1D56EE91-A2C6-4783-940D-512213FDAE8A}.Debug|x86.Build.0 = Debug|Any CPU
		{1D56EE91-A2C6-4783-940D-512213FDAE8A}.Release|Any CPU.ActiveCfg = Release|Any CPU
		{1D56EE91-A2C6-4783-940D-512213FDAE8A}.Release|Any CPU.Build.0 = Release|Any CPU
		{1D56EE91-A2C6-4783-940D-512213FDAE8A}.Release|ARM.ActiveCfg = Release|Any CPU
		{1D56EE91-A2C6-4783-940D-512213FDAE8A}.Release|ARM.Build.0 = Release|Any CPU
		{1D56EE91-A2C6-4783-940D-512213FDAE8A}.Release|iPhone.ActiveCfg = Release|Any CPU
		{1D56EE91-A2C6-4783-940D-512213FDAE8A}.Release|iPhone.Build.0 = Release|Any CPU
		{1D56EE91-A2C6-4783-940D-512213FDAE8A}.Release|iPhoneSimulator.ActiveCfg = Release|Any CPU
		{1D56EE91-A2C6-4783-940D-512213FDAE8A}.Release|iPhoneSimulator.Build.0 = Release|Any CPU
		{1D56EE91-A2C6-4783-940D-512213FDAE8A}.Release|x64.ActiveCfg = Release|Any CPU
		{1D56EE91-A2C6-4783-940D-512213FDAE8A}.Release|x64.Build.0 = Release|Any CPU
		{1D56EE91-A2C6-4783-940D-512213FDAE8A}.Release|x86.ActiveCfg = Release|Any CPU
		{1D56EE91-A2C6-4783-940D-512213FDAE8A}.Release|x86.Build.0 = Release|Any CPU
	EndGlobalSection
	GlobalSection(SolutionProperties) = preSolution
		HideSolutionNode = FALSE
	EndGlobalSection
	GlobalSection(ExtensibilityGlobals) = postSolution
		SolutionGuid = {55184864-00B0-4D12-BC08-11B9E558CAE0}
	EndGlobalSection
EndGlobal
